
Microsoft Visual Studio Solution File, Format Version 12.00
# Visual Studio Version 17
VisualStudioVersion = 17.10.34707.107
MinimumVisualStudioVersion = 10.0.40219.1
Project("{9A19103F-16F7-4668-BE54-9A1E7A4F7556}") = "SharedAction", "SharedAction\SharedAction.csproj", "{C8108BB0-7C88-4599-8724-121197897E28}"
EndProject
Project("{9A19103F-16F7-4668-BE54-9A1E7A4F7556}") = "SharedAction.Tests", "SharedAction.Tests\SharedAction.Tests.csproj", "{97012BE2-7524-49B4-B979-3D09F53F0C05}"
EndProject
Global
	GlobalSection(SolutionConfigurationPlatforms) = preSolution
		Debug|Any CPU = Debug|Any CPU
		Release|Any CPU = Release|Any CPU
	EndGlobalSection
	GlobalSection(ProjectConfigurationPlatforms) = postSolution
		{C8108BB0-7C88-4599-8724-121197897E28}.Debug|Any CPU.ActiveCfg = Debug|Any CPU
		{C8108BB0-7C88-4599-8724-121197897E28}.Debug|Any CPU.Build.0 = Debug|Any CPU
		{C8108BB0-7C88-4599-8724-121197897E28}.Release|Any CPU.ActiveCfg = Release|Any CPU
		{C8108BB0-7C88-4599-8724-121197897E28}.Release|Any CPU.Build.0 = Release|Any CPU
		{97012BE2-7524-49B4-B979-3D09F53F0C05}.Debug|Any CPU.ActiveCfg = Debug|Any CPU
		{97012BE2-7524-49B4-B979-3D09F53F0C05}.Debug|Any CPU.Build.0 = Debug|Any CPU
		{97012BE2-7524-49B4-B979-3D09F53F0C05}.Release|Any CPU.ActiveCfg = Release|Any CPU
		{97012BE2-7524-49B4-B979-3D09F53F0C05}.Release|Any CPU.Build.0 = Release|Any CPU
	EndGlobalSection
	GlobalSection(SolutionProperties) = preSolution
		HideSolutionNode = FALSE
	EndGlobalSection
	GlobalSection(ExtensibilityGlobals) = postSolution
		SolutionGuid = {1D597959-0A23-4A5A-90B5-03C52800EEED}
	EndGlobalSection
EndGlobal
